
Microsoft Visual Studio Solution File, Format Version 12.00
# Visual Studio 14
VisualStudioVersion = 14.0.25123.0
MinimumVisualStudioVersion = 10.0.40219.1
Project("{FAE04EC0-301F-11D3-BF4B-00C04F79EFBC}") = "ExpressionInvariantExtraction", "ExpressionInvariantExtraction\ExpressionInvariantExtraction.csproj", "{D5181315-9B4E-4F06-9ECA-BE9F1B1CFA8F}"
EndProject
Project("{FAE04EC0-301F-11D3-BF4B-00C04F79EFBC}") = "ExpressionInvariantExtraction.Tests", "ExpressionInvariantExtraction.Tests\ExpressionInvariantExtraction.Tests.csproj", "{1FFD4F12-886D-48CE-BF82-C80E78E2AB70}"
EndProject
Project("{2150E333-8FDC-42A3-9474-1A3956D46DE8}") = "External", "External", "{17C538E7-D507-4B98-BAA1-1A1C631F74A9}"
EndProject
Project("{FAE04EC0-301F-11D3-BF4B-00C04F79EFBC}") = "Object.Build", "object-build\Object.Build\Object.Build.csproj", "{C7A937F0-CDFE-48CD-9E6A-B03D6C01E475}"
EndProject
Project("{2150E333-8FDC-42A3-9474-1A3956D46DE8}") = "Solution Items", "Solution Items", "{DF425D22-55E5-4B96-B4DB-9CE943177E1C}"
	ProjectSection(SolutionItems) = preProject
		README.md = README.md
	EndProjectSection
EndProject
Global
	GlobalSection(SolutionConfigurationPlatforms) = preSolution
		Debug|Any CPU = Debug|Any CPU
		Release|Any CPU = Release|Any CPU
	EndGlobalSection
	GlobalSection(ProjectConfigurationPlatforms) = postSolution
		{D5181315-9B4E-4F06-9ECA-BE9F1B1CFA8F}.Debug|Any CPU.ActiveCfg = Debug|Any CPU
		{D5181315-9B4E-4F06-9ECA-BE9F1B1CFA8F}.Debug|Any CPU.Build.0 = Debug|Any CPU
		{D5181315-9B4E-4F06-9ECA-BE9F1B1CFA8F}.Release|Any CPU.ActiveCfg = Release|Any CPU
		{D5181315-9B4E-4F06-9ECA-BE9F1B1CFA8F}.Release|Any CPU.Build.0 = Release|Any CPU
		{1FFD4F12-886D-48CE-BF82-C80E78E2AB70}.Debug|Any CPU.ActiveCfg = Debug|Any CPU
		{1FFD4F12-886D-48CE-BF82-C80E78E2AB70}.Debug|Any CPU.Build.0 = Debug|Any CPU
		{1FFD4F12-886D-48CE-BF82-C80E78E2AB70}.Release|Any CPU.ActiveCfg = Release|Any CPU
		{1FFD4F12-886D-48CE-BF82-C80E78E2AB70}.Release|Any CPU.Build.0 = Release|Any CPU
		{C7A937F0-CDFE-48CD-9E6A-B03D6C01E475}.Debug|Any CPU.ActiveCfg = Debug|Any CPU
		{C7A937F0-CDFE-48CD-9E6A-B03D6C01E475}.Debug|Any CPU.Build.0 = Debug|Any CPU
		{C7A937F0-CDFE-48CD-9E6A-B03D6C01E475}.Release|Any CPU.ActiveCfg = Release|Any CPU
		{C7A937F0-CDFE-48CD-9E6A-B03D6C01E475}.Release|Any CPU.Build.0 = Release|Any CPU
	EndGlobalSection
	GlobalSection(SolutionProperties) = preSolution
		HideSolutionNode = FALSE
	EndGlobalSection
	GlobalSection(NestedProjects) = preSolution
		{C7A937F0-CDFE-48CD-9E6A-B03D6C01E475} = {17C538E7-D507-4B98-BAA1-1A1C631F74A9}
	EndGlobalSection
EndGlobal
